
Microsoft Visual Studio Solution File, Format Version 12.00
# Visual Studio Version 16
VisualStudioVersion = 16.0.30011.22
MinimumVisualStudioVersion = 10.0.40219.1
Project("{00D1A9C2-B5F0-4AF3-8072-F6C62B433612}") = "AIS_EDW", "AIS_EDW\AIS_EDW.sqlproj", "{22A7D5BC-7847-4446-A3EB-544C1DB0E599}"
EndProject
Project("{00D1A9C2-B5F0-4AF3-8072-F6C62B433612}") = "AIS_Stage", "AIS_Stage\AIS_Stage.sqlproj", "{DFD36A2E-5D63-48DA-9665-16BF178D2751}"
EndProject
Project("{159641D6-6404-4A2A-AE62-294DE0FE8301}") = "AIS_SSIS", "AIS_SSIS\AIS_SSIS.dtproj", "{64EEF6A2-B481-436A-9577-8D83EDC391A5}"
EndProject
Project("{6870E480-7721-4708-BFB8-9AE898AA21B3}") = "MarineTraffic", "MarineTraffic_TabularModel\MarineTraffic.smproj", "{8CE414BB-95B2-4C99-9E03-51BA72086E22}"
EndProject
Project("{00D1A9C2-B5F0-4AF3-8072-F6C62B433612}") = "AIS_Test", "AIS_Test\AIS_Test.sqlproj", "{C8374D83-2C67-49F2-948F-43DD6664AB4F}"
EndProject
Global
	GlobalSection(SolutionConfigurationPlatforms) = preSolution
		Debug|Any CPU = Debug|Any CPU
		Debug|x86 = Debug|x86
		Development|Any CPU = Development|Any CPU
		Development|x86 = Development|x86
		Release|Any CPU = Release|Any CPU
		Release|x86 = Release|x86
	EndGlobalSection
	GlobalSection(ProjectConfigurationPlatforms) = postSolution
		{22A7D5BC-7847-4446-A3EB-544C1DB0E599}.Debug|Any CPU.ActiveCfg = Debug|Any CPU
		{22A7D5BC-7847-4446-A3EB-544C1DB0E599}.Debug|Any CPU.Build.0 = Debug|Any CPU
		{22A7D5BC-7847-4446-A3EB-544C1DB0E599}.Debug|Any CPU.Deploy.0 = Debug|Any CPU
		{22A7D5BC-7847-4446-A3EB-544C1DB0E599}.Debug|x86.ActiveCfg = Debug|Any CPU
		{22A7D5BC-7847-4446-A3EB-544C1DB0E599}.Debug|x86.Build.0 = Debug|Any CPU
		{22A7D5BC-7847-4446-A3EB-544C1DB0E599}.Debug|x86.Deploy.0 = Debug|Any CPU
		{22A7D5BC-7847-4446-A3EB-544C1DB0E599}.Development|Any CPU.ActiveCfg = Debug|Any CPU
		{22A7D5BC-7847-4446-A3EB-544C1DB0E599}.Development|Any CPU.Build.0 = Debug|Any CPU
		{22A7D5BC-7847-4446-A3EB-544C1DB0E599}.Development|Any CPU.Deploy.0 = Debug|Any CPU
		{22A7D5BC-7847-4446-A3EB-544C1DB0E599}.Development|x86.ActiveCfg = Debug|Any CPU
		{22A7D5BC-7847-4446-A3EB-544C1DB0E599}.Development|x86.Build.0 = Debug|Any CPU
		{22A7D5BC-7847-4446-A3EB-544C1DB0E599}.Development|x86.Deploy.0 = Debug|Any CPU
		{22A7D5BC-7847-4446-A3EB-544C1DB0E599}.Release|Any CPU.ActiveCfg = Release|Any CPU
		{22A7D5BC-7847-4446-A3EB-544C1DB0E599}.Release|Any CPU.Build.0 = Release|Any CPU
		{22A7D5BC-7847-4446-A3EB-544C1DB0E599}.Release|Any CPU.Deploy.0 = Release|Any CPU
		{22A7D5BC-7847-4446-A3EB-544C1DB0E599}.Release|x86.ActiveCfg = Release|Any CPU
		{22A7D5BC-7847-4446-A3EB-544C1DB0E599}.Release|x86.Build.0 = Release|Any CPU
		{22A7D5BC-7847-4446-A3EB-544C1DB0E599}.Release|x86.Deploy.0 = Release|Any CPU
		{DFD36A2E-5D63-48DA-9665-16BF178D2751}.Debug|Any CPU.ActiveCfg = Debug|Any CPU
		{DFD36A2E-5D63-48DA-9665-16BF178D2751}.Debug|Any CPU.Build.0 = Debug|Any CPU
		{DFD36A2E-5D63-48DA-9665-16BF178D2751}.Debug|Any CPU.Deploy.0 = Debug|Any CPU
		{DFD36A2E-5D63-48DA-9665-16BF178D2751}.Debug|x86.ActiveCfg = Debug|Any CPU
		{DFD36A2E-5D63-48DA-9665-16BF178D2751}.Debug|x86.Build.0 = Debug|Any CPU
		{DFD36A2E-5D63-48DA-9665-16BF178D2751}.Debug|x86.Deploy.0 = Debug|Any CPU
		{DFD36A2E-5D63-48DA-9665-16BF178D2751}.Development|Any CPU.ActiveCfg = Debug|Any CPU
		{DFD36A2E-5D63-48DA-9665-16BF178D2751}.Development|Any CPU.Build.0 = Debug|Any CPU
		{DFD36A2E-5D63-48DA-9665-16BF178D2751}.Development|Any CPU.Deploy.0 = Debug|Any CPU
		{DFD36A2E-5D63-48DA-9665-16BF178D2751}.Development|x86.ActiveCfg = Debug|Any CPU
		{DFD36A2E-5D63-48DA-9665-16BF178D2751}.Development|x86.Build.0 = Debug|Any CPU
		{DFD36A2E-5D63-48DA-9665-16BF178D2751}.Development|x86.Deploy.0 = Debug|Any CPU
		{DFD36A2E-5D63-48DA-9665-16BF178D2751}.Release|Any CPU.ActiveCfg = Release|Any CPU
		{DFD36A2E-5D63-48DA-9665-16BF178D2751}.Release|Any CPU.Build.0 = Release|Any CPU
		{DFD36A2E-5D63-48DA-9665-16BF178D2751}.Release|Any CPU.Deploy.0 = Release|Any CPU
		{DFD36A2E-5D63-48DA-9665-16BF178D2751}.Release|x86.ActiveCfg = Release|Any CPU
		{DFD36A2E-5D63-48DA-9665-16BF178D2751}.Release|x86.Build.0 = Release|Any CPU
		{DFD36A2E-5D63-48DA-9665-16BF178D2751}.Release|x86.Deploy.0 = Release|Any CPU
		{64EEF6A2-B481-436A-9577-8D83EDC391A5}.Debug|Any CPU.ActiveCfg = Development
		{64EEF6A2-B481-436A-9577-8D83EDC391A5}.Debug|Any CPU.Build.0 = Development
		{64EEF6A2-B481-436A-9577-8D83EDC391A5}.Debug|x86.ActiveCfg = Development
		{64EEF6A2-B481-436A-9577-8D83EDC391A5}.Debug|x86.Build.0 = Development
		{64EEF6A2-B481-436A-9577-8D83EDC391A5}.Development|Any CPU.ActiveCfg = Development
		{64EEF6A2-B481-436A-9577-8D83EDC391A5}.Development|Any CPU.Build.0 = Development
		{64EEF6A2-B481-436A-9577-8D83EDC391A5}.Development|x86.ActiveCfg = Development
		{64EEF6A2-B481-436A-9577-8D83EDC391A5}.Development|x86.Build.0 = Development
		{64EEF6A2-B481-436A-9577-8D83EDC391A5}.Release|Any CPU.ActiveCfg = Development
		{64EEF6A2-B481-436A-9577-8D83EDC391A5}.Release|Any CPU.Build.0 = Development
		{64EEF6A2-B481-436A-9577-8D83EDC391A5}.Release|x86.ActiveCfg = Development
		{64EEF6A2-B481-436A-9577-8D83EDC391A5}.Release|x86.Build.0 = Development
		{8CE414BB-95B2-4C99-9E03-51BA72086E22}.Debug|Any CPU.ActiveCfg = Development|x86
		{8CE414BB-95B2-4C99-9E03-51BA72086E22}.Debug|Any CPU.Build.0 = Development|x86
		{8CE414BB-95B2-4C99-9E03-51BA72086E22}.Debug|Any CPU.Deploy.0 = Development|x86
		{8CE414BB-95B2-4C99-9E03-51BA72086E22}.Debug|x86.ActiveCfg = Development|x86
		{8CE414BB-95B2-4C99-9E03-51BA72086E22}.Debug|x86.Build.0 = Development|x86
		{8CE414BB-95B2-4C99-9E03-51BA72086E22}.Debug|x86.Deploy.0 = Development|x86
		{8CE414BB-95B2-4C99-9E03-51BA72086E22}.Development|Any CPU.ActiveCfg = Development|x86
		{8CE414BB-95B2-4C99-9E03-51BA72086E22}.Development|x86.ActiveCfg = Development|x86
		{8CE414BB-95B2-4C99-9E03-51BA72086E22}.Development|x86.Build.0 = Development|x86
		{8CE414BB-95B2-4C99-9E03-51BA72086E22}.Development|x86.Deploy.0 = Development|x86
		{8CE414BB-95B2-4C99-9E03-51BA72086E22}.Release|Any CPU.ActiveCfg = Development|x86
		{8CE414BB-95B2-4C99-9E03-51BA72086E22}.Release|Any CPU.Build.0 = Development|x86
		{8CE414BB-95B2-4C99-9E03-51BA72086E22}.Release|Any CPU.Deploy.0 = Development|x86
		{8CE414BB-95B2-4C99-9E03-51BA72086E22}.Release|x86.ActiveCfg = Development|x86
		{8CE414BB-95B2-4C99-9E03-51BA72086E22}.Release|x86.Build.0 = Development|x86
		{8CE414BB-95B2-4C99-9E03-51BA72086E22}.Release|x86.Deploy.0 = Development|x86
		{C8374D83-2C67-49F2-948F-43DD6664AB4F}.Debug|Any CPU.ActiveCfg = Debug|Any CPU
		{C8374D83-2C67-49F2-948F-43DD6664AB4F}.Debug|Any CPU.Build.0 = Debug|Any CPU
		{C8374D83-2C67-49F2-948F-43DD6664AB4F}.Debug|Any CPU.Deploy.0 = Debug|Any CPU
		{C8374D83-2C67-49F2-948F-43DD6664AB4F}.Debug|x86.ActiveCfg = Debug|Any CPU
		{C8374D83-2C67-49F2-948F-43DD6664AB4F}.Debug|x86.Build.0 = Debug|Any CPU
		{C8374D83-2C67-49F2-948F-43DD6664AB4F}.Debug|x86.Deploy.0 = Debug|Any CPU
		{C8374D83-2C67-49F2-948F-43DD6664AB4F}.Development|Any CPU.ActiveCfg = Debug|Any CPU
		{C8374D83-2C67-49F2-948F-43DD6664AB4F}.Development|Any CPU.Build.0 = Debug|Any CPU
		{C8374D83-2C67-49F2-948F-43DD6664AB4F}.Development|Any CPU.Deploy.0 = Debug|Any CPU
		{C8374D83-2C67-49F2-948F-43DD6664AB4F}.Development|x86.ActiveCfg = Debug|Any CPU
		{C8374D83-2C67-49F2-948F-43DD6664AB4F}.Development|x86.Build.0 = Debug|Any CPU
		{C8374D83-2C67-49F2-948F-43DD6664AB4F}.Development|x86.Deploy.0 = Debug|Any CPU
		{C8374D83-2C67-49F2-948F-43DD6664AB4F}.Release|Any CPU.ActiveCfg = Release|Any CPU
		{C8374D83-2C67-49F2-948F-43DD6664AB4F}.Release|Any CPU.Build.0 = Release|Any CPU
		{C8374D83-2C67-49F2-948F-43DD6664AB4F}.Release|Any CPU.Deploy.0 = Release|Any CPU
		{C8374D83-2C67-49F2-948F-43DD6664AB4F}.Release|x86.ActiveCfg = Release|Any CPU
		{C8374D83-2C67-49F2-948F-43DD6664AB4F}.Release|x86.Build.0 = Release|Any CPU
		{C8374D83-2C67-49F2-948F-43DD6664AB4F}.Release|x86.Deploy.0 = Release|Any CPU
	EndGlobalSection
	GlobalSection(SolutionProperties) = preSolution
		HideSolutionNode = FALSE
	EndGlobalSection
	GlobalSection(ExtensibilityGlobals) = postSolution
		SolutionGuid = {A77D848C-C40B-44C2-BF8A-1F5E476C8716}
	EndGlobalSection
EndGlobal
